
Microsoft Visual Studio Solution File, Format Version 12.00
# Visual Studio Version 17
VisualStudioVersion = 17.7.34221.43
MinimumVisualStudioVersion = 10.0.40219.1
Project("{8BC9CEB8-8B4A-11D0-8D11-00A0C91BC942}") = "dictionary search using Linked List", "Project DS Phase 1\Project DS Phase 1.vcxproj", "{B46DA3AD-5C83-4AC6-B430-8F9139F5B4E1}"
EndProject
Global
	GlobalSection(SolutionConfigurationPlatforms) = preSolution
		Debug|x64 = Debug|x64
		Debug|x86 = Debug|x86
		Release|x64 = Release|x64
		Release|x86 = Release|x86
	EndGlobalSection
	GlobalSection(ProjectConfigurationPlatforms) = postSolution
		{B46DA3AD-5C83-4AC6-B430-8F9139F5B4E1}.Debug|x64.ActiveCfg = Debug|x64
		{B46DA3AD-5C83-4AC6-B430-8F9139F5B4E1}.Debug|x64.Build.0 = Debug|x64
		{B46DA3AD-5C83-4AC6-B430-8F9139F5B4E1}.Debug|x86.ActiveCfg = Debug|Win32
		{B46DA3AD-5C83-4AC6-B430-8F9139F5B4E1}.Debug|x86.Build.0 = Debug|Win32
		{B46DA3AD-5C83-4AC6-B430-8F9139F5B4E1}.Release|x64.ActiveCfg = Release|x64
		{B46DA3AD-5C83-4AC6-B430-8F9139F5B4E1}.Release|x64.Build.0 = Release|x64
		{B46DA3AD-5C83-4AC6-B430-8F9139F5B4E1}.Release|x86.ActiveCfg = Release|Win32
		{B46DA3AD-5C83-4AC6-B430-8F9139F5B4E1}.Release|x86.Build.0 = Release|Win32
	EndGlobalSection
	GlobalSection(SolutionProperties) = preSolution
		HideSolutionNode = FALSE
	EndGlobalSection
	GlobalSection(ExtensibilityGlobals) = postSolution
		SolutionGuid = {2EFE09C2-9943-4224-BE97-241F238854DA}
	EndGlobalSection
EndGlobal
